
Microsoft Visual Studio Solution File, Format Version 12.00
# Visual Studio Version 17
VisualStudioVersion = 17.1.32407.343
MinimumVisualStudioVersion = 10.0.40219.1
Project("{9A19103F-16F7-4668-BE54-9A1E7A4F7556}") = "Tresvi.CommandLineParser", "Tresvi.CommandLineParser\Tresvi.CommandLineParser.csproj", "{E0C757E9-FB62-403A-ACAB-EC79B4152626}"
EndProject
Project("{FAE04EC0-301F-11D3-BF4B-00C04F79EFBC}") = "Basic_Example_2_NF_4_8", "Basic_Example_2_NF_4_8\Basic_Example_2_NF_4_8.csproj", "{2EE4304C-F307-42A1-8DAB-A695509D3686}"
EndProject
Project("{9A19103F-16F7-4668-BE54-9A1E7A4F7556}") = "Tresvi.CommandLineParser.Test.Unit", "Tresvi.CommandLineParser.Test.Unit\Tresvi.CommandLineParser.Test.Unit.csproj", "{B52D10F9-381E-48F1-955D-9CBA95516516}"
EndProject
Project("{2150E333-8FDC-42A3-9474-1A3956D46DE8}") = "Ejemplos", "Ejemplos", "{3389F58A-B167-45F3-BB00-4F58BC260CE2}"
EndProject
Project("{FAE04EC0-301F-11D3-BF4B-00C04F79EFBC}") = "Basic_Example_1_NF_4_8", "Basic_Example_1_NF_4_8\Basic_Example_1_NF_4_8.csproj", "{5BF690BE-FDB6-4888-864E-50BA68A228C7}"
EndProject
Project("{FAE04EC0-301F-11D3-BF4B-00C04F79EFBC}") = "ParamValidation_Example_NF_4_8", "ParamValidation_Example_NF_4_8\ParamValidation_Example_NF_4_8.csproj", "{A1B2C3D4-E5F6-7890-ABCD-EF1234567890}"
EndProject
Global
	GlobalSection(SolutionConfigurationPlatforms) = preSolution
		Debug|Any CPU = Debug|Any CPU
		Release|Any CPU = Release|Any CPU
	EndGlobalSection
	GlobalSection(ProjectConfigurationPlatforms) = postSolution
		{E0C757E9-FB62-403A-ACAB-EC79B4152626}.Debug|Any CPU.ActiveCfg = Debug|Any CPU
		{E0C757E9-FB62-403A-ACAB-EC79B4152626}.Debug|Any CPU.Build.0 = Debug|Any CPU
		{E0C757E9-FB62-403A-ACAB-EC79B4152626}.Release|Any CPU.ActiveCfg = Release|Any CPU
		{E0C757E9-FB62-403A-ACAB-EC79B4152626}.Release|Any CPU.Build.0 = Release|Any CPU
		{2EE4304C-F307-42A1-8DAB-A695509D3686}.Debug|Any CPU.ActiveCfg = Debug|Any CPU
		{2EE4304C-F307-42A1-8DAB-A695509D3686}.Debug|Any CPU.Build.0 = Debug|Any CPU
		{2EE4304C-F307-42A1-8DAB-A695509D3686}.Release|Any CPU.ActiveCfg = Release|Any CPU
		{2EE4304C-F307-42A1-8DAB-A695509D3686}.Release|Any CPU.Build.0 = Release|Any CPU
		{B52D10F9-381E-48F1-955D-9CBA95516516}.Debug|Any CPU.ActiveCfg = Debug|Any CPU
		{B52D10F9-381E-48F1-955D-9CBA95516516}.Debug|Any CPU.Build.0 = Debug|Any CPU
		{B52D10F9-381E-48F1-955D-9CBA95516516}.Release|Any CPU.ActiveCfg = Release|Any CPU
		{B52D10F9-381E-48F1-955D-9CBA95516516}.Release|Any CPU.Build.0 = Release|Any CPU
		{5BF690BE-FDB6-4888-864E-50BA68A228C7}.Debug|Any CPU.ActiveCfg = Debug|Any CPU
		{5BF690BE-FDB6-4888-864E-50BA68A228C7}.Debug|Any CPU.Build.0 = Debug|Any CPU
		{5BF690BE-FDB6-4888-864E-50BA68A228C7}.Release|Any CPU.ActiveCfg = Release|Any CPU
		{5BF690BE-FDB6-4888-864E-50BA68A228C7}.Release|Any CPU.Build.0 = Release|Any CPU
		{A1B2C3D4-E5F6-7890-ABCD-EF1234567890}.Debug|Any CPU.ActiveCfg = Debug|Any CPU
		{A1B2C3D4-E5F6-7890-ABCD-EF1234567890}.Debug|Any CPU.Build.0 = Debug|Any CPU
		{A1B2C3D4-E5F6-7890-ABCD-EF1234567890}.Release|Any CPU.ActiveCfg = Release|Any CPU
		{A1B2C3D4-E5F6-7890-ABCD-EF1234567890}.Release|Any CPU.Build.0 = Release|Any CPU
	EndGlobalSection
	GlobalSection(SolutionProperties) = preSolution
		HideSolutionNode = FALSE
	EndGlobalSection
	GlobalSection(NestedProjects) = preSolution
		{2EE4304C-F307-42A1-8DAB-A695509D3686} = {3389F58A-B167-45F3-BB00-4F58BC260CE2}
		{5BF690BE-FDB6-4888-864E-50BA68A228C7} = {3389F58A-B167-45F3-BB00-4F58BC260CE2}
	EndGlobalSection
	GlobalSection(ExtensibilityGlobals) = postSolution
		SolutionGuid = {E3E3BDCE-37ED-4933-8DED-CEEB852308D2}
	EndGlobalSection
EndGlobal
